
Microsoft Visual Studio Solution File, Format Version 12.00
# Visual Studio 15
VisualStudioVersion = 15.0.28307.757
MinimumVisualStudioVersion = 10.0.40219.1
Project("{FAE04EC0-301F-11D3-BF4B-00C04F79EFBC}") = "STX Driver", "STX Driver\STX Driver.csproj", "{2C86535D-A213-4900-AF29-D3158585E7A8}"
EndProject
Project("{FAE04EC0-301F-11D3-BF4B-00C04F79EFBC}") = "STX_EXE", "STX_EXE\STX_EXE.csproj", "{866DDDB1-A216-46BF-8011-CC12114786D0}"
EndProject
Project("{FAE04EC0-301F-11D3-BF4B-00C04F79EFBC}") = "Tester", "Tester\Tester.csproj", "{8B9D7049-A949-4419-8BC6-5C9ED51FB0C6}"
EndProject
Project("{FAE04EC0-301F-11D3-BF4B-00C04F79EFBC}") = "libProtocols", "..\..\OIL DRIVER 2\libProtocols\libProtocols.csproj", "{443DC186-F4A2-4598-919E-5D822A2BF89E}"
EndProject
Global
	GlobalSection(SolutionConfigurationPlatforms) = preSolution
		Debug|Any CPU = Debug|Any CPU
		Release|Any CPU = Release|Any CPU
	EndGlobalSection
	GlobalSection(ProjectConfigurationPlatforms) = postSolution
		{2C86535D-A213-4900-AF29-D3158585E7A8}.Debug|Any CPU.ActiveCfg = Debug|Any CPU
		{2C86535D-A213-4900-AF29-D3158585E7A8}.Debug|Any CPU.Build.0 = Debug|Any CPU
		{2C86535D-A213-4900-AF29-D3158585E7A8}.Release|Any CPU.ActiveCfg = Release|Any CPU
		{2C86535D-A213-4900-AF29-D3158585E7A8}.Release|Any CPU.Build.0 = Release|Any CPU
		{866DDDB1-A216-46BF-8011-CC12114786D0}.Debug|Any CPU.ActiveCfg = Debug|Any CPU
		{866DDDB1-A216-46BF-8011-CC12114786D0}.Debug|Any CPU.Build.0 = Debug|Any CPU
		{866DDDB1-A216-46BF-8011-CC12114786D0}.Release|Any CPU.ActiveCfg = Release|Any CPU
		{866DDDB1-A216-46BF-8011-CC12114786D0}.Release|Any CPU.Build.0 = Release|Any CPU
		{8B9D7049-A949-4419-8BC6-5C9ED51FB0C6}.Debug|Any CPU.ActiveCfg = Debug|Any CPU
		{8B9D7049-A949-4419-8BC6-5C9ED51FB0C6}.Debug|Any CPU.Build.0 = Debug|Any CPU
		{8B9D7049-A949-4419-8BC6-5C9ED51FB0C6}.Release|Any CPU.ActiveCfg = Release|Any CPU
		{8B9D7049-A949-4419-8BC6-5C9ED51FB0C6}.Release|Any CPU.Build.0 = Release|Any CPU
		{443DC186-F4A2-4598-919E-5D822A2BF89E}.Debug|Any CPU.ActiveCfg = Debug|Any CPU
		{443DC186-F4A2-4598-919E-5D822A2BF89E}.Debug|Any CPU.Build.0 = Debug|Any CPU
		{443DC186-F4A2-4598-919E-5D822A2BF89E}.Release|Any CPU.ActiveCfg = Release|Any CPU
		{443DC186-F4A2-4598-919E-5D822A2BF89E}.Release|Any CPU.Build.0 = Release|Any CPU
	EndGlobalSection
	GlobalSection(SolutionProperties) = preSolution
		HideSolutionNode = FALSE
	EndGlobalSection
	GlobalSection(ExtensibilityGlobals) = postSolution
		SolutionGuid = {F8D2CEC8-4879-42DB-926C-71C8B28FB3CF}
	EndGlobalSection
EndGlobal
